
Microsoft Visual Studio Solution File, Format Version 12.00
# Visual Studio Version 17
VisualStudioVersion = 17.0.32126.317
MinimumVisualStudioVersion = 10.0.40219.1
Project("{FAE04EC0-301F-11D3-BF4B-00C04F79EFBC}") = "ContactControl", "ContactControl.csproj", "{8A0E0F9F-635B-4A73-9844-7AC9242642A9}"
EndProject
Global
	GlobalSection(SolutionConfigurationPlatforms) = preSolution
		Debug|Any CPU = Debug|Any CPU
		Release|Any CPU = Release|Any CPU
	EndGlobalSection
	GlobalSection(ProjectConfigurationPlatforms) = postSolution
		{8A0E0F9F-635B-4A73-9844-7AC9242642A9}.Debug|Any CPU.ActiveCfg = Debug|Any CPU
		{8A0E0F9F-635B-4A73-9844-7AC9242642A9}.Debug|Any CPU.Build.0 = Debug|Any CPU
		{8A0E0F9F-635B-4A73-9844-7AC9242642A9}.Release|Any CPU.ActiveCfg = Release|Any CPU
		{8A0E0F9F-635B-4A73-9844-7AC9242642A9}.Release|Any CPU.Build.0 = Release|Any CPU
	EndGlobalSection
	GlobalSection(SolutionProperties) = preSolution
		HideSolutionNode = FALSE
	EndGlobalSection
	GlobalSection(ExtensibilityGlobals) = postSolution
		SolutionGuid = {41DC130E-0423-4657-9A60-60966F6CC6A0}
	EndGlobalSection
EndGlobal
